<?xml version="1.0" encoding="utf-8"?>
<Project ToolsVersion="4.0" xmlns="http://schemas.microsoft.com/developer/msbuild/2003">
  <ItemGroup>
    <Filter Include="Graphics">
      <UniqueIdentifier>{ab61bc5c-3128-470f-b124-73152837daf3}</UniqueIdentifier>
    </Filter>
    <Filter Include="IO">
      <UniqueIdentifier>{ae579136-a1c1-4d79-ae36-31a50ce84670}</UniqueIdentifier>
    </Filter>
    <Filter Include="Math">
      <UniqueIdentifier>{a2e61e3f-5def-477e-a076-8d6fe580b30b}</UniqueIdentifier>
    </Filter>
    <Filter Include="Time">
      <UniqueIdentifier>{2a488de3-1816-463f-b2ba-2a157efccd93}</UniqueIdentifier>
    </Filter>
  </ItemGroup>
  <ItemGroup>
    <Text Include="ReadMe.txt" />
  </ItemGroup>
  <ItemGroup>
    <ClInclude Include="AtlasLog.h">
      <Filter>IO</Filter>
    </ClInclude>
    <ClInclude Include="Vertex.h">
      <Filter>Graphics</Filter>
    </ClInclude>
    <ClInclude Include="ImageLoader.h">
      <Filter>Graphics</Filter>
    </ClInclude>
    <ClInclude Include="Random.h">
      <Filter>Math</Filter>
    </ClInclude>
    <ClInclude Include="AtlasStopwatch.h">
      <Filter>Time</Filter>
    </ClInclude>
    <ClInclude Include="jpeg_decoder.h">
      <Filter>Graphics</Filter>
    </ClInclude>
    <ClInclude Include="lodepng.h">
      <Filter>Graphics</Filter>
    </ClInclude>
  </ItemGroup>
  <ItemGroup>
    <ClCompile Include="ImageLoader.cpp">
      <Filter>Graphics</Filter>
    </ClCompile>
    <ClCompile Include="Random.cpp">
      <Filter>Math</Filter>
    </ClCompile>
    <ClCompile Include="AtlasStopwatch.cpp">
      <Filter>Time</Filter>
    </ClCompile>
    <ClCompile Include="AtlasLog.cpp">
      <Filter>IO</Filter>
    </ClCompile>
    <ClCompile Include="lodepng.cpp">
      <Filter>Graphics</Filter>
    </ClCompile>
  </ItemGroup>
</Project>